
Microsoft Visual Studio Solution File, Format Version 12.00
# Visual Studio Version 17
VisualStudioVersion = 17.9.34622.214
MinimumVisualStudioVersion = 10.0.40219.1
Project("{9A19103F-16F7-4668-BE54-9A1E7A4F7556}") = "MtgCollectionTracker", "MtgCollectionTracker.csproj", "{BACF3C0C-D42A-4EF0-8FB9-F16F6A82B1C1}"
EndProject
Project("{9A19103F-16F7-4668-BE54-9A1E7A4F7556}") = "MtgCollectionTracker.Android", "..\MtgCollectionTracker.Android\MtgCollectionTracker.Android.csproj", "{A6B6E5D5-6B0A-4CAF-9783-81958623AFA2}"
EndProject
Project("{9A19103F-16F7-4668-BE54-9A1E7A4F7556}") = "MtgCollectionTracker.Desktop", "..\MtgCollectionTracker.Desktop\MtgCollectionTracker.Desktop.csproj", "{8F9063C6-1285-4E4F-AC59-ED56668A7BCD}"
EndProject
Project("{9A19103F-16F7-4668-BE54-9A1E7A4F7556}") = "MtgCollectionTracker.iOS", "..\MtgCollectionTracker.iOS\MtgCollectionTracker.iOS.csproj", "{6E6292C1-61B4-4383-A7C9-3DCA5E1CFF72}"
EndProject
Project("{9A19103F-16F7-4668-BE54-9A1E7A4F7556}") = "MtgCollectionTracker.Browser", "..\MtgCollectionTracker.Browser\MtgCollectionTracker.Browser.csproj", "{39069644-CF2B-40B5-9AB3-4608300AF9EC}"
EndProject
Global
	GlobalSection(SolutionConfigurationPlatforms) = preSolution
		Debug|Any CPU = Debug|Any CPU
		Release|Any CPU = Release|Any CPU
	EndGlobalSection
	GlobalSection(ProjectConfigurationPlatforms) = postSolution
		{BACF3C0C-D42A-4EF0-8FB9-F16F6A82B1C1}.Debug|Any CPU.ActiveCfg = Debug|Any CPU
		{BACF3C0C-D42A-4EF0-8FB9-F16F6A82B1C1}.Debug|Any CPU.Build.0 = Debug|Any CPU
		{BACF3C0C-D42A-4EF0-8FB9-F16F6A82B1C1}.Release|Any CPU.ActiveCfg = Release|Any CPU
		{BACF3C0C-D42A-4EF0-8FB9-F16F6A82B1C1}.Release|Any CPU.Build.0 = Release|Any CPU
		{A6B6E5D5-6B0A-4CAF-9783-81958623AFA2}.Debug|Any CPU.ActiveCfg = Debug|Any CPU
		{A6B6E5D5-6B0A-4CAF-9783-81958623AFA2}.Debug|Any CPU.Build.0 = Debug|Any CPU
		{A6B6E5D5-6B0A-4CAF-9783-81958623AFA2}.Release|Any CPU.ActiveCfg = Release|Any CPU
		{A6B6E5D5-6B0A-4CAF-9783-81958623AFA2}.Release|Any CPU.Build.0 = Release|Any CPU
		{8F9063C6-1285-4E4F-AC59-ED56668A7BCD}.Debug|Any CPU.ActiveCfg = Debug|Any CPU
		{8F9063C6-1285-4E4F-AC59-ED56668A7BCD}.Debug|Any CPU.Build.0 = Debug|Any CPU
		{8F9063C6-1285-4E4F-AC59-ED56668A7BCD}.Release|Any CPU.ActiveCfg = Release|Any CPU
		{8F9063C6-1285-4E4F-AC59-ED56668A7BCD}.Release|Any CPU.Build.0 = Release|Any CPU
		{6E6292C1-61B4-4383-A7C9-3DCA5E1CFF72}.Debug|Any CPU.ActiveCfg = Debug|Any CPU
		{6E6292C1-61B4-4383-A7C9-3DCA5E1CFF72}.Debug|Any CPU.Build.0 = Debug|Any CPU
		{6E6292C1-61B4-4383-A7C9-3DCA5E1CFF72}.Release|Any CPU.ActiveCfg = Release|Any CPU
		{6E6292C1-61B4-4383-A7C9-3DCA5E1CFF72}.Release|Any CPU.Build.0 = Release|Any CPU
		{39069644-CF2B-40B5-9AB3-4608300AF9EC}.Debug|Any CPU.ActiveCfg = Debug|Any CPU
		{39069644-CF2B-40B5-9AB3-4608300AF9EC}.Debug|Any CPU.Build.0 = Debug|Any CPU
		{39069644-CF2B-40B5-9AB3-4608300AF9EC}.Release|Any CPU.ActiveCfg = Release|Any CPU
		{39069644-CF2B-40B5-9AB3-4608300AF9EC}.Release|Any CPU.Build.0 = Release|Any CPU
	EndGlobalSection
	GlobalSection(SolutionProperties) = preSolution
		HideSolutionNode = FALSE
	EndGlobalSection
	GlobalSection(ExtensibilityGlobals) = postSolution
		SolutionGuid = {1A58FA44-61EE-4BD9-80AE-7508610D1263}
	EndGlobalSection
EndGlobal
